# Run ./gradlew writeVersionsLock to regenerate this file
com.fasterxml:classmate:1.5.1 (1 constraints: 9a122a13)
com.fasterxml.jackson:jackson-bom:2.15.3 (14 constraints: b0345113)
com.fasterxml.jackson.core:jackson-annotations:2.15.3 (11 constraints: 7cd09e5a)
com.fasterxml.jackson.core:jackson-core:2.15.3 (18 constraints: e58c6d80)
com.fasterxml.jackson.core:jackson-databind:2.15.3 (24 constraints: a7ebd612)
com.fasterxml.jackson.dataformat:jackson-dataformat-cbor:2.15.3 (5 constraints: a274dcef)
com.fasterxml.jackson.dataformat:jackson-dataformat-smile:2.15.3 (2 constraints: 3b2b4588)
com.fasterxml.jackson.dataformat:jackson-dataformat-yaml:2.15.3 (1 constraints: bb0eac66)
com.fasterxml.jackson.datatype:jackson-datatype-guava:2.15.3 (2 constraints: 3b2b4588)
com.fasterxml.jackson.datatype:jackson-datatype-jdk8:2.15.3 (2 constraints: 3b2b4588)
com.fasterxml.jackson.datatype:jackson-datatype-joda:2.15.3 (2 constraints: 3b2b4588)
com.fasterxml.jackson.datatype:jackson-datatype-jsr310:2.15.3 (2 constraints: 3b2b4588)
com.fasterxml.jackson.jaxrs:jackson-jaxrs-base:2.15.3 (2 constraints: 2026c65f)
com.fasterxml.jackson.jaxrs:jackson-jaxrs-cbor-provider:2.15.3 (2 constraints: fd275229)
com.fasterxml.jackson.module:jackson-module-afterburner:2.15.3 (2 constraints: 572b408a)
com.fasterxml.jackson.module:jackson-module-jaxb-annotations:2.15.3 (2 constraints: 2026c65f)
com.github.ben-manes.caffeine:caffeine:3.1.8 (5 constraints: 7b6333b4)
com.google.code.findbugs:jsr305:3.0.2 (22 constraints: 7c9d1a40)
com.google.errorprone:error_prone_annotations:2.23.0 (24 constraints: 89b2a04e)
com.google.guava:failureaccess:1.0.2 (1 constraints: 150ae2b4)
com.google.guava:guava:33.0.0-jre (25 constraints: 7af3c2ab)
com.google.guava:listenablefuture:9999.0-empty-to-avoid-conflict-with-guava (1 constraints: bd17c918)
com.netflix.feign:feign-core:8.18.0 (3 constraints: de3f76e0)
com.palantir.conjure.java:conjure-java-undertow-runtime:8.9.0 (1 constraints: 13052e36)
com.palantir.conjure.java:conjure-lib:8.9.0 (5 constraints: af4fd9fa)
com.palantir.conjure.java:conjure-undertow-lib:8.9.0 (2 constraints: 4c1ce29a)
com.palantir.conjure.java.api:errors:2.49.0 (7 constraints: 469417ad)
com.palantir.conjure.java.api:ssl-config:2.49.0 (3 constraints: d039b80a)
com.palantir.conjure.java.runtime:conjure-java-jackson-optimizations:8.5.0 (1 constraints: 531c3f88)
com.palantir.conjure.java.runtime:conjure-java-jackson-serialization:8.5.0 (5 constraints: 915df1bd)
com.palantir.conjure.java.runtime:conjure-java-jersey-server:8.5.0 (1 constraints: 0f052236)
com.palantir.conjure.java.runtime:keystores:8.5.0 (2 constraints: fd181bb4)
com.palantir.ri:resource-identifier:2.6.0 (5 constraints: 6e5af46c)
com.palantir.safe-logging:logger:3.7.0 (20 constraints: f97621a0)
com.palantir.safe-logging:logger-slf4j:3.7.0 (1 constraints: 050e6842)
com.palantir.safe-logging:logger-spi:3.7.0 (2 constraints: 191ea27b)
com.palantir.safe-logging:preconditions:3.7.0 (25 constraints: 6dc2bd49)
com.palantir.safe-logging:safe-logging:3.7.0 (25 constraints: 20cae16d)
com.palantir.tokens:auth-tokens:3.18.0 (7 constraints: 7a87d3b8)
com.palantir.tracing:tracing:6.18.0 (7 constraints: 4d7f415c)
com.palantir.tracing:tracing-api:6.18.0 (6 constraints: c0675cdb)
com.palantir.tracing:tracing-jersey:6.18.0 (1 constraints: 47199dbb)
com.palantir.tracing:tracing-undertow:6.18.0 (1 constraints: 68177d37)
com.palantir.tritium:tritium-registry:0.82.0 (9 constraints: 98ba7b9f)
io.dropwizard.metrics:metrics-core:4.2.25 (9 constraints: 58bcd0b5)
io.undertow:undertow-core:2.2.24.Final (3 constraints: ea4141bb)
jakarta.activation:jakarta.activation-api:1.2.2 (2 constraints: bb282bbe)
jakarta.annotation:jakarta.annotation-api:1.3.5 (3 constraints: ff2657ce)
jakarta.el:jakarta.el-api:3.0.3 (1 constraints: fe135465)
jakarta.validation:jakarta.validation-api:2.0.2 (3 constraints: 8e372576)
jakarta.ws.rs:jakarta.ws.rs-api:2.1.6 (4 constraints: de460a55)
jakarta.xml.bind:jakarta.xml.bind-api:2.3.3 (1 constraints: 31198ca6)
javax.annotation:javax.annotation-api:1.3.2 (2 constraints: 6a28c169)
javax.inject:javax.inject:1 (1 constraints: 4d18203f)
javax.ws.rs:javax.ws.rs-api:2.1.1 (2 constraints: 66286569)
joda-time:joda-time:2.10.14 (1 constraints: 5b160f08)
org.checkerframework:checker-qual:3.41.0 (3 constraints: dc316166)
org.glassfish:jakarta.el:3.0.4 (1 constraints: ff135565)
org.glassfish.hk2:hk2-api:2.6.1 (1 constraints: 6e0c620c)
org.glassfish.hk2:hk2-locator:2.6.1 (1 constraints: 4410e0ad)
org.glassfish.hk2:hk2-utils:2.6.1 (2 constraints: 21173277)
org.glassfish.hk2:osgi-resource-locator:1.0.3 (1 constraints: ef10e7c2)
org.glassfish.hk2.external:aopalliance-repackaged:2.6.1 (2 constraints: 21173277)
org.glassfish.jersey.core:jersey-client:2.40 (1 constraints: d110c3b2)
org.glassfish.jersey.core:jersey-common:2.40 (5 constraints: 495e4fac)
org.glassfish.jersey.core:jersey-server:2.40 (3 constraints: 3d3c9572)
org.glassfish.jersey.ext:jersey-bean-validation:2.40 (1 constraints: e0182d89)
org.glassfish.jersey.inject:jersey-hk2:2.40 (1 constraints: e0182d89)
org.hibernate.validator:hibernate-validator:6.2.5.Final (1 constraints: 1d1617e4)
org.immutables:value:2.10.1 (2 constraints: fb1455c1)
org.javassist:javassist:3.29.2-GA (1 constraints: 30112ef1)
org.jboss.logging:jboss-logging:3.4.1.Final (4 constraints: a24557a8)
org.jboss.threads:jboss-threads:3.5.0.Final (3 constraints: b52a2fe5)
org.jboss.xnio:xnio-api:3.8.7.Final (3 constraints: c933a5af)
org.jboss.xnio:xnio-nio:3.8.7.Final (1 constraints: c80dcb30)
org.jetbrains:annotations:24.1.0 (2 constraints: fc20c06d)
org.jvnet:animal-sniffer-annotation:1.0 (1 constraints: f20b95eb)
org.slf4j:slf4j-api:1.7.36 (9 constraints: 6c85599e)
org.slf4j:slf4j-simple:1.7.36 (1 constraints: 43054b3b)
org.wildfly.client:wildfly-client-config:1.0.1.Final (1 constraints: 940c6308)
org.wildfly.common:wildfly-common:1.7.0.Final (3 constraints: 203237d9)
org.yaml:snakeyaml:2.1 (1 constraints: 3b178a10)

[Test dependencies]
com.netflix.feign:feign-jackson:8.18.0 (1 constraints: c718909e)
com.palantir.conjure.java.api:service-config:2.49.0 (4 constraints: 53504b20)
com.palantir.conjure.java.api:test-utils:2.49.0 (1 constraints: 4105563b)
com.palantir.conjure.java.runtime:client-config:8.5.0 (4 constraints: f15419f6)
com.palantir.conjure.java.runtime:conjure-java-annotations:8.5.0 (1 constraints: 9318c385)
com.palantir.conjure.java.runtime:conjure-java-jaxrs-client:8.5.0 (1 constraints: 0f052236)
com.palantir.conjure.java.runtime:conjure-java-legacy-clients:8.5.0 (1 constraints: 9318c385)
com.palantir.conjure.java.runtime:refresh-utils:8.5.0 (1 constraints: 9318c385)
com.palantir.dialogue:dialogue-apache-hc5-client:3.111.0 (1 constraints: ec184db7)
com.palantir.dialogue:dialogue-blocking-channels:3.111.0 (2 constraints: 2b24e4f2)
com.palantir.dialogue:dialogue-core:3.111.0 (2 constraints: 152d920c)
com.palantir.dialogue:dialogue-futures:3.111.0 (3 constraints: 4934f440)
com.palantir.dialogue:dialogue-serde:3.111.0 (1 constraints: ec184db7)
com.palantir.dialogue:dialogue-target:3.111.0 (5 constraints: 5d61fb12)
com.palantir.nylon:nylon-threads:0.4.0 (1 constraints: 0c10fa91)
com.palantir.refreshable:refreshable:2.3.0 (1 constraints: e713b662)
com.palantir.safethreadlocalrandom:safe-thread-local-random:0.1.0 (3 constraints: 933225f9)
com.palantir.tritium:tritium-api:0.81.0 (2 constraints: 331f0ebd)
com.palantir.tritium:tritium-core:0.81.0 (1 constraints: 41104ba2)
com.palantir.tritium:tritium-metrics:0.81.0 (4 constraints: be478fe0)
junit:junit:4.13.2 (1 constraints: 3c05463b)
net.bytebuddy:byte-buddy:1.14.11 (2 constraints: ef16ba66)
org.apache.httpcomponents.client5:httpclient5:5.3.1 (1 constraints: cd13996e)
org.apache.httpcomponents.core5:httpcore5:5.2.4 (3 constraints: 6639870e)
org.apache.httpcomponents.core5:httpcore5-h2:5.2.4 (1 constraints: 3f130d3c)
org.assertj:assertj-core:3.25.3 (2 constraints: 8b166921)
org.hamcrest:hamcrest-core:1.3 (1 constraints: cc05fe3f)
org.hdrhistogram:HdrHistogram:2.1.12 (1 constraints: 3e103aa2)
org.junit:junit-bom:5.9.0 (6 constraints: 4c623dfc)
org.junit.jupiter:junit-jupiter:5.9.0 (2 constraints: 240e6059)
org.junit.jupiter:junit-jupiter-api:5.9.0 (4 constraints: 87384d33)
org.junit.jupiter:junit-jupiter-engine:5.9.0 (2 constraints: 1f17ac3c)
org.junit.jupiter:junit-jupiter-params:5.9.0 (2 constraints: 1f17ac3c)
org.junit.platform:junit-platform-commons:1.9.0 (3 constraints: eb29622b)
org.junit.platform:junit-platform-engine:1.9.0 (2 constraints: ba19b0f3)
org.mockito:mockito-core:5.10.0 (1 constraints: 4a11aae0)
org.mpierce.metrics.reservoir:hdrhistogram-metrics-reservoir:1.1.3 (1 constraints: 0d10f991)
org.objenesis:objenesis:3.3 (1 constraints: b20a14bd)
org.opentest4j:opentest4j:1.2.0 (2 constraints: cd205b49)
